{
  "object": {
    "pins": [
      {
        "package": "Logging",
        "repositoryURL": "https://github.com/reizu/swift-logging.git",
        "state": {
          "branch": "master",
          "revision": "4758a30120883d451bb089be9f30b085cd57b5f9",
          "version": null
        }
      },
      {
        "package": "swift-nio",
        "repositoryURL": "https://github.com/apple/swift-nio.git",
        "state": {
          "branch": null,
          "revision": "695afc5205aaa49fca092b94b479ff71c43d9d3c",
          "version": "1.8.0"
        }
      },
      {
        "package": "swift-nio-zlib-support",
        "repositoryURL": "https://github.com/apple/swift-nio-zlib-support.git",
        "state": {
          "branch": null,
          "revision": "37760e9a52030bb9011972c5213c3350fa9d41fd",
          "version": "1.0.0"
        }
      },
      {
        "package": "RegExp",
        "repositoryURL": "https://github.com/reizu/swift-regexp.git",
        "state": {
          "branch": "master",
          "revision": "2227b0b574bf0a0a3da423fc4bb6c5f8999d2b68",
          "version": null
        }
      }
    ]
  },
  "version": 1
}
